<?xml version="1.0" encoding="UTF-8"?>
<CodeBlocks_project_file>
	<FileVersion major="1" minor="6"/>
	<Project>
		<Option title="stonefall"/>
		<Option makefile_is_custom="1"/>
		<Option compiler="gcc"/>
		<Option virtualFolders="CMake Files\;CMake Files\..\;CMake Files\..\dev\;CMake Files\..\dev\dev_apps\;CMake Files\..\dev\dev_apps\poco-1.9.0\;CMake Files\..\dev\dev_apps\poco-1.9.0\cmake_build\;CMake Files\..\dev\dev_apps\poco-1.9.0\cmake_build\Poco\;"/>
		<Build>
			<Target title="all">
				<Option working_dir="/home/mac/stonefall"/>
				<Option type="4"/>
				<MakeCommands>
					<Build command="/usr/bin/make -f &quot;/home/mac/stonefall/Makefile&quot;  VERBOSE=1 all"/>
					<CompileFile command="/usr/bin/make -f &quot;/home/mac/stonefall/Makefile&quot;  VERBOSE=1 &quot;$file&quot;"/>
					<Clean command="/usr/bin/make -f &quot;/home/mac/stonefall/Makefile&quot;  VERBOSE=1 clean"/>
					<DistClean command="/usr/bin/make -f &quot;/home/mac/stonefall/Makefile&quot;  VERBOSE=1 clean"/>
				</MakeCommands>
			</Target>
			<Target title="rebuild_cache">
				<Option working_dir="/home/mac/stonefall"/>
				<Option type="4"/>
				<MakeCommands>
					<Build command="/usr/bin/make -f &quot;/home/mac/stonefall/Makefile&quot;  VERBOSE=1 rebuild_cache"/>
					<CompileFile command="/usr/bin/make -f &quot;/home/mac/stonefall/Makefile&quot;  VERBOSE=1 &quot;$file&quot;"/>
					<Clean command="/usr/bin/make -f &quot;/home/mac/stonefall/Makefile&quot;  VERBOSE=1 clean"/>
					<DistClean command="/usr/bin/make -f &quot;/home/mac/stonefall/Makefile&quot;  VERBOSE=1 clean"/>
				</MakeCommands>
			</Target>
			<Target title="edit_cache">
				<Option working_dir="/home/mac/stonefall"/>
				<Option type="4"/>
				<MakeCommands>
					<Build command="/usr/bin/make -f &quot;/home/mac/stonefall/Makefile&quot;  VERBOSE=1 edit_cache"/>
					<CompileFile command="/usr/bin/make -f &quot;/home/mac/stonefall/Makefile&quot;  VERBOSE=1 &quot;$file&quot;"/>
					<Clean command="/usr/bin/make -f &quot;/home/mac/stonefall/Makefile&quot;  VERBOSE=1 clean"/>
					<DistClean command="/usr/bin/make -f &quot;/home/mac/stonefall/Makefile&quot;  VERBOSE=1 clean"/>
				</MakeCommands>
			</Target>
			<Target title="stonefall">
				<Option output="/home/mac/stonefall/stonefall" prefix_auto="0" extension_auto="0"/>
				<Option working_dir="/home/mac/stonefall"/>
				<Option object_output="./"/>
				<Option type="1"/>
				<Option compiler="gcc"/>
				<Compiler>
					<Add option="-DPOCO_NO_AUTOMATIC_LIBS"/>
					<Add directory="/home/mac/dev/dev_apps/poco-1.9.0"/>
					<Add directory="/home/mac/dev/dev_apps/poco-1.9.0/JSON/include"/>
					<Add directory="/home/mac/dev/dev_apps/poco-1.9.0/Foundation/include"/>
					<Add directory="/home/mac/dev/dev_apps/poco-1.9.0/Net/include"/>
					<Add directory="/home/mac/dev/dev_apps/poco-1.9.0/Util/include"/>
					<Add directory="/home/mac/dev/dev_apps/poco-1.9.0/XML/include"/>
				</Compiler>
				<MakeCommands>
					<Build command="/usr/bin/make -f &quot;/home/mac/stonefall/Makefile&quot;  VERBOSE=1 stonefall"/>
					<CompileFile command="/usr/bin/make -f &quot;/home/mac/stonefall/Makefile&quot;  VERBOSE=1 &quot;$file&quot;"/>
					<Clean command="/usr/bin/make -f &quot;/home/mac/stonefall/Makefile&quot;  VERBOSE=1 clean"/>
					<DistClean command="/usr/bin/make -f &quot;/home/mac/stonefall/Makefile&quot;  VERBOSE=1 clean"/>
				</MakeCommands>
			</Target>
			<Target title="stonefall/fast">
				<Option output="/home/mac/stonefall/stonefall" prefix_auto="0" extension_auto="0"/>
				<Option working_dir="/home/mac/stonefall"/>
				<Option object_output="./"/>
				<Option type="1"/>
				<Option compiler="gcc"/>
				<Compiler>
					<Add option="-DPOCO_NO_AUTOMATIC_LIBS"/>
					<Add directory="/home/mac/dev/dev_apps/poco-1.9.0"/>
					<Add directory="/home/mac/dev/dev_apps/poco-1.9.0/JSON/include"/>
					<Add directory="/home/mac/dev/dev_apps/poco-1.9.0/Foundation/include"/>
					<Add directory="/home/mac/dev/dev_apps/poco-1.9.0/Net/include"/>
					<Add directory="/home/mac/dev/dev_apps/poco-1.9.0/Util/include"/>
					<Add directory="/home/mac/dev/dev_apps/poco-1.9.0/XML/include"/>
				</Compiler>
				<MakeCommands>
					<Build command="/usr/bin/make -f &quot;/home/mac/stonefall/Makefile&quot;  VERBOSE=1 stonefall/fast"/>
					<CompileFile command="/usr/bin/make -f &quot;/home/mac/stonefall/Makefile&quot;  VERBOSE=1 &quot;$file&quot;"/>
					<Clean command="/usr/bin/make -f &quot;/home/mac/stonefall/Makefile&quot;  VERBOSE=1 clean"/>
					<DistClean command="/usr/bin/make -f &quot;/home/mac/stonefall/Makefile&quot;  VERBOSE=1 clean"/>
				</MakeCommands>
			</Target>
		</Build>
		<Unit filename="/home/mac/stonefall/src/cpp/GridBlock.cpp">
			<Option target="stonefall"/>
		</Unit>
		<Unit filename="/home/mac/stonefall/src/cpp/GridBlock.h">
			<Option target="stonefall"/>
		</Unit>
		<Unit filename="/home/mac/stonefall/src/cpp/GridEntity.h">
			<Option target="stonefall"/>
		</Unit>
		<Unit filename="/home/mac/stonefall/src/cpp/Killable.h">
			<Option target="stonefall"/>
		</Unit>
		<Unit filename="/home/mac/stonefall/src/cpp/Server/PageRequestHandler.cpp">
			<Option target="stonefall"/>
		</Unit>
		<Unit filename="/home/mac/stonefall/src/cpp/Server/PageRequestHandler.h">
			<Option target="stonefall"/>
		</Unit>
		<Unit filename="/home/mac/stonefall/src/cpp/Server/Websockets.cpp">
			<Option target="stonefall"/>
		</Unit>
		<Unit filename="/home/mac/stonefall/src/cpp/Server/Websockets.h">
			<Option target="stonefall"/>
		</Unit>
		<Unit filename="/home/mac/stonefall/src/cpp/Structure/Base.cpp">
			<Option target="stonefall"/>
		</Unit>
		<Unit filename="/home/mac/stonefall/src/cpp/Structure/Base.h">
			<Option target="stonefall"/>
		</Unit>
		<Unit filename="/home/mac/stonefall/src/cpp/main.cpp">
			<Option target="stonefall"/>
		</Unit>
		<Unit filename="/home/mac/stonefall/CMakeLists.txt">
			<Option virtualFolder="CMake Files\"/>
		</Unit>
		<Unit filename="/home/mac/stonefall/../dev/dev_apps/poco-1.9.0/cmake_build/Poco/PocoConfig.cmake">
			<Option virtualFolder="CMake Files\..\dev\dev_apps\poco-1.9.0\cmake_build\Poco\"/>
		</Unit>
		<Unit filename="/home/mac/stonefall/../dev/dev_apps/poco-1.9.0/cmake_build/Poco/PocoConfigVersion.cmake">
			<Option virtualFolder="CMake Files\..\dev\dev_apps\poco-1.9.0\cmake_build\Poco\"/>
		</Unit>
		<Unit filename="/home/mac/stonefall/../dev/dev_apps/poco-1.9.0/cmake_build/Poco/PocoFoundationConfig.cmake">
			<Option virtualFolder="CMake Files\..\dev\dev_apps\poco-1.9.0\cmake_build\Poco\"/>
		</Unit>
		<Unit filename="/home/mac/stonefall/../dev/dev_apps/poco-1.9.0/cmake_build/Poco/PocoFoundationConfigVersion.cmake">
			<Option virtualFolder="CMake Files\..\dev\dev_apps\poco-1.9.0\cmake_build\Poco\"/>
		</Unit>
		<Unit filename="/home/mac/stonefall/../dev/dev_apps/poco-1.9.0/cmake_build/Poco/PocoFoundationTargets.cmake">
			<Option virtualFolder="CMake Files\..\dev\dev_apps\poco-1.9.0\cmake_build\Poco\"/>
		</Unit>
		<Unit filename="/home/mac/stonefall/../dev/dev_apps/poco-1.9.0/cmake_build/Poco/PocoJSONConfig.cmake">
			<Option virtualFolder="CMake Files\..\dev\dev_apps\poco-1.9.0\cmake_build\Poco\"/>
		</Unit>
		<Unit filename="/home/mac/stonefall/../dev/dev_apps/poco-1.9.0/cmake_build/Poco/PocoJSONConfigVersion.cmake">
			<Option virtualFolder="CMake Files\..\dev\dev_apps\poco-1.9.0\cmake_build\Poco\"/>
		</Unit>
		<Unit filename="/home/mac/stonefall/../dev/dev_apps/poco-1.9.0/cmake_build/Poco/PocoJSONTargets.cmake">
			<Option virtualFolder="CMake Files\..\dev\dev_apps\poco-1.9.0\cmake_build\Poco\"/>
		</Unit>
		<Unit filename="/home/mac/stonefall/../dev/dev_apps/poco-1.9.0/cmake_build/Poco/PocoNetConfig.cmake">
			<Option virtualFolder="CMake Files\..\dev\dev_apps\poco-1.9.0\cmake_build\Poco\"/>
		</Unit>
		<Unit filename="/home/mac/stonefall/../dev/dev_apps/poco-1.9.0/cmake_build/Poco/PocoNetConfigVersion.cmake">
			<Option virtualFolder="CMake Files\..\dev\dev_apps\poco-1.9.0\cmake_build\Poco\"/>
		</Unit>
		<Unit filename="/home/mac/stonefall/../dev/dev_apps/poco-1.9.0/cmake_build/Poco/PocoNetTargets.cmake">
			<Option virtualFolder="CMake Files\..\dev\dev_apps\poco-1.9.0\cmake_build\Poco\"/>
		</Unit>
		<Unit filename="/home/mac/stonefall/../dev/dev_apps/poco-1.9.0/cmake_build/Poco/PocoUtilConfig.cmake">
			<Option virtualFolder="CMake Files\..\dev\dev_apps\poco-1.9.0\cmake_build\Poco\"/>
		</Unit>
		<Unit filename="/home/mac/stonefall/../dev/dev_apps/poco-1.9.0/cmake_build/Poco/PocoUtilConfigVersion.cmake">
			<Option virtualFolder="CMake Files\..\dev\dev_apps\poco-1.9.0\cmake_build\Poco\"/>
		</Unit>
		<Unit filename="/home/mac/stonefall/../dev/dev_apps/poco-1.9.0/cmake_build/Poco/PocoUtilTargets.cmake">
			<Option virtualFolder="CMake Files\..\dev\dev_apps\poco-1.9.0\cmake_build\Poco\"/>
		</Unit>
		<Unit filename="/home/mac/stonefall/../dev/dev_apps/poco-1.9.0/cmake_build/Poco/PocoXMLConfig.cmake">
			<Option virtualFolder="CMake Files\..\dev\dev_apps\poco-1.9.0\cmake_build\Poco\"/>
		</Unit>
		<Unit filename="/home/mac/stonefall/../dev/dev_apps/poco-1.9.0/cmake_build/Poco/PocoXMLConfigVersion.cmake">
			<Option virtualFolder="CMake Files\..\dev\dev_apps\poco-1.9.0\cmake_build\Poco\"/>
		</Unit>
		<Unit filename="/home/mac/stonefall/../dev/dev_apps/poco-1.9.0/cmake_build/Poco/PocoXMLTargets.cmake">
			<Option virtualFolder="CMake Files\..\dev\dev_apps\poco-1.9.0\cmake_build\Poco\"/>
		</Unit>
	</Project>
</CodeBlocks_project_file>
